
Microsoft Visual Studio Solution File, Format Version 12.00
# Visual Studio 15
VisualStudioVersion = 15.0.28010.2026
MinimumVisualStudioVersion = 10.0.40219.1
Project("{FAE04EC0-301F-11D3-BF4B-00C04F79EFBC}") = "TestandoAreas", "TestandoAreas\TestandoAreas.csproj", "{11999404-E4C9-4BB9-B7E7-58A35EA46AAA}"
EndProject
Global
	GlobalSection(SolutionConfigurationPlatforms) = preSolution
		Debug|Any CPU = Debug|Any CPU
		Release|Any CPU = Release|Any CPU
	EndGlobalSection
	GlobalSection(ProjectConfigurationPlatforms) = postSolution
		{11999404-E4C9-4BB9-B7E7-58A35EA46AAA}.Debug|Any CPU.ActiveCfg = Debug|Any CPU
		{11999404-E4C9-4BB9-B7E7-58A35EA46AAA}.Debug|Any CPU.Build.0 = Debug|Any CPU
		{11999404-E4C9-4BB9-B7E7-58A35EA46AAA}.Release|Any CPU.ActiveCfg = Release|Any CPU
		{11999404-E4C9-4BB9-B7E7-58A35EA46AAA}.Release|Any CPU.Build.0 = Release|Any CPU
	EndGlobalSection
	GlobalSection(SolutionProperties) = preSolution
		HideSolutionNode = FALSE
	EndGlobalSection
	GlobalSection(ExtensibilityGlobals) = postSolution
		SolutionGuid = {FB28A39A-CBC5-4DB2-A011-3D7D36595E09}
	EndGlobalSection
EndGlobal
